{
  "nodes": {
    "home-manager": {
      "inputs": {
        "nixpkgs": [
          "nixpkgs"
        ]
      },
      "locked": {
        "lastModified": 1783358420,
        "narHash": "sha256-UEyBpf+XmQe8laXfDzIlo11Er7E0rKrLS8jeMnMj0Ds=",
        "type": "tarball",
        "url": "https://github.com/nix-community/home-manager/archive/0d33882bd46c1f9ef62276700f5e5f2bd6ff6604.tar.gz"
      },
      "original": {
        "owner": "nix-community",
        "ref": "master",
        "repo": "home-manager",
        "type": "github"
      }
    },
    "nix-darwin": {
      "inputs": {
        "nixpkgs": [
          "nixpkgs"
        ]
      },
      "locked": {
        "lastModified": 1781761792,
        "narHash": "sha256-rCPytmKNjctLloB6UgK5CRrHSwV4b0ygxtJLPPp8R14=",
        "type": "tarball",
        "url": "https://github.com/nix-darwin/nix-darwin/archive/a1fa429e945becaf60468600daf649be4ba0350c.tar.gz"
      },
      "original": {
        "owner": "nix-darwin",
        "ref": "master",
        "repo": "nix-darwin",
        "type": "github"
      }
    },
    "nixpkgs": {
      "locked": {
        "lastModified": 1783279667,
        "narHash": "sha256-/NAkDSsve+GNM0Bt6tleJdCGfsTlK89nPjkVOzZMo0s=",
        "type": "tarball",
        "url": "https://github.com/NixOS/nixpkgs/archive/f205b5574fd0cb7da5b702a2da51507b7f4fdd1b.tar.gz"
      },
      "original": {
        "owner": "NixOS",
        "ref": "nixpkgs-unstable",
        "repo": "nixpkgs",
        "type": "github"
      }
    },
    "root": {
      "inputs": {
        "home-manager": "home-manager",
        "nix-darwin": "nix-darwin",
        "nixpkgs": "nixpkgs"
      }
    }
  },
  "root": "root",
  "version": 7
}
